// !$*UTF8*$!
{
	archiveVersion = 1;
	classes = {
	};
	objectVersion = 50;
	objects = {

/* Begin PBXBuildFile section */
		0605F46E228D46930075BBC5 /* mylogocat.jpg in Resources */ = {isa = PBXBuildFile; fileRef = 0605F46C228D46930075BBC5 /* mylogocat.jpg */; };
		0605F46F228D46930075BBC5 /* mylittlecat.png in Resources */ = {isa = PBXBuildFile; fileRef = 0605F46D228D46930075BBC5 /* mylittlecat.png */; };
		0605F471228D5EAF0075BBC5 /* icon.jpg in Resources */ = {isa = PBXBuildFile; fileRef = 0605F470228D5EAF0075BBC5 /* icon.jpg */; };
		0605F474228D5F5F0075BBC5 /* icon120x120.jpg in Resources */ = {isa = PBXBuildFile; fileRef = 0605F472228D5F5F0075BBC5 /* icon120x120.jpg */; };
		0605F475228D5F5F0075BBC5 /* icon180x180.jpg in Resources */ = {isa = PBXBuildFile; fileRef = 0605F473228D5F5F0075BBC5 /* icon180x180.jpg */; };
		06C6D4CC2288BEE7007FB8AD /* AppDelegate.swift in Sources */ = {isa = PBXBuildFile; fileRef = 06C6D4CB2288BEE7007FB8AD /* AppDelegate.swift */; };
		06C6D4CE2288BEE7007FB8AD /* ViewController.swift in Sources */ = {isa = PBXBuildFile; fileRef = 06C6D4CD2288BEE7007FB8AD /* ViewController.swift */; };
		06C6D4D12288BEE7007FB8AD /* Main.storyboard in Resources */ = {isa = PBXBuildFile; fileRef = 06C6D4CF2288BEE7007FB8AD /* Main.storyboard */; };
		06C6D4D32288BEEB007FB8AD /* Assets.xcassets in Resources */ = {isa = PBXBuildFile; fileRef = 06C6D4D22288BEEB007FB8AD /* Assets.xcassets */; };
		06C6D4D62288BEEB007FB8AD /* LaunchScreen.storyboard in Resources */ = {isa = PBXBuildFile; fileRef = 06C6D4D42288BEEB007FB8AD /* LaunchScreen.storyboard */; };
/* End PBXBuildFile section */

/* Begin PBXFileReference section */
		0605F46C228D46930075BBC5 /* mylogocat.jpg */ = {isa = PBXFileReference; lastKnownFileType = image.jpeg; path = mylogocat.jpg; sourceTree = "<group>"; };
		0605F46D228D46930075BBC5 /* mylittlecat.png */ = {isa = PBXFileReference; lastKnownFileType = image.png; path = mylittlecat.png; sourceTree = "<group>"; };
		0605F470228D5EAF0075BBC5 /* icon.jpg */ = {isa = PBXFileReference; lastKnownFileType = image.jpeg; path = icon.jpg; sourceTree = "<group>"; };
		0605F472228D5F5F0075BBC5 /* icon120x120.jpg */ = {isa = PBXFileReference; lastKnownFileType = image.jpeg; path = icon120x120.jpg; sourceTree = "<group>"; };
		0605F473228D5F5F0075BBC5 /* icon180x180.jpg */ = {isa = PBXFileReference; lastKnownFileType = image.jpeg; path = icon180x180.jpg; sourceTree = "<group>"; };
		06C6D4C82288BEE7007FB8AD /* CatchTheCat.app */ = {isa = PBXFileReference; explicitFileType = wrapper.application; includeInIndex = 0; path = CatchTheCat.app; sourceTree = BUILT_PRODUCTS_DIR; };
		06C6D4CB2288BEE7007FB8AD /* AppDelegate.swift */ = {isa = PBXFileReference; lastKnownFileType = sourcecode.swift; path = AppDelegate.swift; sourceTree = "<group>"; };
		06C6D4CD2288BEE7007FB8AD /* ViewController.swift */ = {isa = PBXFileReference; lastKnownFileType = sourcecode.swift; path = ViewController.swift; sourceTree = "<group>"; };
		06C6D4D02288BEE7007FB8AD /* Base */ = {isa = PBXFileReference; lastKnownFileType = file.storyboard; name = Base; path = Base.lproj/Main.storyboard; sourceTree = "<group>"; };
		06C6D4D22288BEEB007FB8AD /* Assets.xcassets */ = {isa = PBXFileReference; lastKnownFileType = folder.assetcatalog; path = Assets.xcassets; sourceTree = "<group>"; };
		06C6D4D52288BEEB007FB8AD /* Base */ = {isa = PBXFileReference; lastKnownFileType = file.storyboard; name = Base; path = Base.lproj/LaunchScreen.storyboard; sourceTree = "<group>"; };
		06C6D4D72288BEEB007FB8AD /* Info.plist */ = {isa = PBXFileReference; lastKnownFileType = text.plist.xml; path = Info.plist; sourceTree = "<group>"; };
/* End PBXFileReference section */

/* Begin PBXFrameworksBuildPhase section */
		06C6D4C52288BEE7007FB8AD /* Frameworks */ = {
			isa = PBXFrameworksBuildPhase;
			buildActionMask = 2147483647;
			files = (
			);
			runOnlyForDeploymentPostprocessing = 0;
		};
/* End PBXFrameworksBuildPhase section */

/* Begin PBXGroup section */
		06C6D4BF2288BEE7007FB8AD = {
			isa = PBXGroup;
			children = (
				06C6D4CA2288BEE7007FB8AD /* CatchTheCat */,
				06C6D4C92288BEE7007FB8AD /* Products */,
			);
			sourceTree = "<group>";
		};
		06C6D4C92288BEE7007FB8AD /* Products */ = {
			isa = PBXGroup;
			children = (
				06C6D4C82288BEE7007FB8AD /* CatchTheCat.app */,
			);
			name = Products;
			sourceTree = "<group>";
		};
		06C6D4CA2288BEE7007FB8AD /* CatchTheCat */ = {
			isa = PBXGroup;
			children = (
				0605F472228D5F5F0075BBC5 /* icon120x120.jpg */,
				0605F473228D5F5F0075BBC5 /* icon180x180.jpg */,
				0605F470228D5EAF0075BBC5 /* icon.jpg */,
				0605F46D228D46930075BBC5 /* mylittlecat.png */,
				0605F46C228D46930075BBC5 /* mylogocat.jpg */,
				06C6D4CB2288BEE7007FB8AD /* AppDelegate.swift */,
				06C6D4CD2288BEE7007FB8AD /* ViewController.swift */,
				06C6D4CF2288BEE7007FB8AD /* Main.storyboard */,
				06C6D4D22288BEEB007FB8AD /* Assets.xcassets */,
				06C6D4D42288BEEB007FB8AD /* LaunchScreen.storyboard */,
				06C6D4D72288BEEB007FB8AD /* Info.plist */,
			);
			path = CatchTheCat;
			sourceTree = "<group>";
		};
/* End PBXGroup section */

/* Begin PBXNativeTarget section */
		06C6D4C72288BEE7007FB8AD /* CatchTheCat */ = {
			isa = PBXNativeTarget;
			buildConfigurationList = 06C6D4DA2288BEEB007FB8AD /* Build configuration list for PBXNativeTarget "CatchTheCat" */;
			buildPhases = (
				06C6D4C42288BEE7007FB8AD /* Sources */,
				06C6D4C52288BEE7007FB8AD /* Frameworks */,
				06C6D4C62288BEE7007FB8AD /* Resources */,
			);
			buildRules = (
			);
			dependencies = (
			);
			name = CatchTheCat;
			productName = CatchTheCat;
			productReference = 06C6D4C82288BEE7007FB8AD /* CatchTheCat.app */;
			productType = "com.apple.product-type.application";
		};
/* End PBXNativeTarget section */

/* Begin PBXProject section */
		06C6D4C02288BEE7007FB8AD /* Project object */ = {
			isa = PBXProject;
			attributes = {
				LastSwiftUpdateCheck = 0930;
				LastUpgradeCheck = 0930;
				ORGANIZATIONNAME = "Yıldız Uysal";
				TargetAttributes = {
					06C6D4C72288BEE7007FB8AD = {
						CreatedOnToolsVersion = 9.3;
					};
				};
			};
			buildConfigurationList = 06C6D4C32288BEE7007FB8AD /* Build configuration list for PBXProject "CatchTheCat" */;
			compatibilityVersion = "Xcode 9.3";
			developmentRegion = en;
			hasScannedForEncodings = 0;
			knownRegions = (
				en,
				Base,
			);
			mainGroup = 06C6D4BF2288BEE7007FB8AD;
			productRefGroup = 06C6D4C92288BEE7007FB8AD /* Products */;
			projectDirPath = "";
			projectRoot = "";
			targets = (
				06C6D4C72288BEE7007FB8AD /* CatchTheCat */,
			);
		};
/* End PBXProject section */

/* Begin PBXResourcesBuildPhase section */
		06C6D4C62288BEE7007FB8AD /* Resources */ = {
			isa = PBXResourcesBuildPhase;
			buildActionMask = 2147483647;
			files = (
				0605F46F228D46930075BBC5 /* mylittlecat.png in Resources */,
				0605F475228D5F5F0075BBC5 /* icon180x180.jpg in Resources */,
				06C6D4D62288BEEB007FB8AD /* LaunchScreen.storyboard in Resources */,
				06C6D4D32288BEEB007FB8AD /* Assets.xcassets in Resources */,
				06C6D4D12288BEE7007FB8AD /* Main.storyboard in Resources */,
				0605F471228D5EAF0075BBC5 /* icon.jpg in Resources */,
				0605F46E228D46930075BBC5 /* mylogocat.jpg in Resources */,
				0605F474228D5F5F0075BBC5 /* icon120x120.jpg in Resources */,
			);
			runOnlyForDeploymentPostprocessing = 0;
		};
/* End PBXResourcesBuildPhase section */

/* Begin PBXSourcesBuildPhase section */
		06C6D4C42288BEE7007FB8AD /* Sources */ = {
			isa = PBXSourcesBuildPhase;
			buildActionMask = 2147483647;
			files = (
				06C6D4CE2288BEE7007FB8AD /* ViewController.swift in Sources */,
				06C6D4CC2288BEE7007FB8AD /* AppDelegate.swift in Sources */,
			);
			runOnlyForDeploymentPostprocessing = 0;
		};
/* End PBXSourcesBuildPhase section */

/* Begin PBXVariantGroup section */
		06C6D4CF2288BEE7007FB8AD /* Main.storyboard */ = {
			isa = PBXVariantGroup;
			children = (
				06C6D4D02288BEE7007FB8AD /* Base */,
			);
			name = Main.storyboard;
			sourceTree = "<group>";
		};
		06C6D4D42288BEEB007FB8AD /* LaunchScreen.storyboard */ = {
			isa = PBXVariantGroup;
			children = (
				06C6D4D52288BEEB007FB8AD /* Base */,
			);
			name = LaunchScreen.storyboard;
			sourceTree = "<group>";
		};
/* End PBXVariantGroup section */

/* Begin XCBuildConfiguration section */
		06C6D4D82288BEEB007FB8AD /* Debug */ = {
			isa = XCBuildConfiguration;
			buildSettings = {
				ALWAYS_SEARCH_USER_PATHS = NO;
				CLANG_ANALYZER_NONNULL = YES;
				CLANG_ANALYZER_NUMBER_OBJECT_CONVERSION = YES_AGGRESSIVE;
				CLANG_CXX_LANGUAGE_STANDARD = "gnu++14";
				CLANG_CXX_LIBRARY = "libc++";
				CLANG_ENABLE_MODULES = YES;
				CLANG_ENABLE_OBJC_ARC = YES;
				CLANG_ENABLE_OBJC_WEAK = YES;
				CLANG_WARN_BLOCK_CAPTURE_AUTORELEASING = YES;
				CLANG_WARN_BOOL_CONVERSION = YES;
				CLANG_WARN_COMMA = YES;
				CLANG_WARN_CONSTANT_CONVERSION = YES;
				CLANG_WARN_DEPRECATED_OBJC_IMPLEMENTATIONS = YES;
				CLANG_WARN_DIRECT_OBJC_ISA_USAGE = YES_ERROR;
				CLANG_WARN_DOCUMENTATION_COMMENTS = YES;
				CLANG_WARN_EMPTY_BODY = YES;
				CLANG_WARN_ENUM_CONVERSION = YES;
				CLANG_WARN_INFINITE_RECURSION = YES;
				CLANG_WARN_INT_CONVERSION = YES;
				CLANG_WARN_NON_LITERAL_NULL_CONVERSION = YES;
				CLANG_WARN_OBJC_IMPLICIT_RETAIN_SELF = YES;
				CLANG_WARN_OBJC_LITERAL_CONVERSION = YES;
				CLANG_WARN_OBJC_ROOT_CLASS = YES_ERROR;
				CLANG_WARN_RANGE_LOOP_ANALYSIS = YES;
				CLANG_WARN_STRICT_PROTOTYPES = YES;
				CLANG_WARN_SUSPICIOUS_MOVE = YES;
				CLANG_WARN_UNGUARDED_AVAILABILITY = YES_AGGRESSIVE;
				CLANG_WARN_UNREACHABLE_CODE = YES;
				CLANG_WARN__DUPLICATE_METHOD_MATCH = YES;
				CODE_SIGN_IDENTITY = "iPhone Developer";
				COPY_PHASE_STRIP = NO;
				DEBUG_INFORMATION_FORMAT = dwarf;
				ENABLE_STRICT_OBJC_MSGSEND = YES;
				ENABLE_TESTABILITY = YES;
				GCC_C_LANGUAGE_STANDARD = gnu11;
				GCC_DYNAMIC_NO_PIC = NO;
				GCC_NO_COMMON_BLOCKS = YES;
				GCC_OPTIMIZATION_LEVEL = 0;
				GCC_PREPROCESSOR_DEFINITIONS = (
					"DEBUG=1",
					"$(inherited)",
				);
				GCC_WARN_64_TO_32_BIT_CONVERSION = YES;
				GCC_WARN_ABOUT_RETURN_TYPE = YES_ERROR;
				GCC_WARN_UNDECLARED_SELECTOR = YES;
				GCC_WARN_UNINITIALIZED_AUTOS = YES_AGGRESSIVE;
				GCC_WARN_UNUSED_FUNCTION = YES;
				GCC_WARN_UNUSED_VARIABLE = YES;
				IPHONEOS_DEPLOYMENT_TARGET = 11.3;
				MTL_ENABLE_DEBUG_INFO = YES;
				ONLY_ACTIVE_ARCH = YES;
				SDKROOT = iphoneos;
				SWIFT_ACTIVE_COMPILATION_CONDITIONS = DEBUG;
				SWIFT_OPTIMIZATION_LEVEL = "-Onone";
			};
			name = Debug;
		};
		06C6D4D92288BEEB007FB8AD /* Release */ = {
			isa = XCBuildConfiguration;
			buildSettings = {
				ALWAYS_SEARCH_USER_PATHS = NO;
				CLANG_ANALYZER_NONNULL = YES;
				CLANG_ANALYZER_NUMBER_OBJECT_CONVERSION = YES_AGGRESSIVE;
				CLANG_CXX_LANGUAGE_STANDARD = "gnu++14";
				CLANG_CXX_LIBRARY = "libc++";
				CLANG_ENABLE_MODULES = YES;
				CLANG_ENABLE_OBJC_ARC = YES;
				CLANG_ENABLE_OBJC_WEAK = YES;
				CLANG_WARN_BLOCK_CAPTURE_AUTORELEASING = YES;
				CLANG_WARN_BOOL_CONVERSION = YES;
				CLANG_WARN_COMMA = YES;
				CLANG_WARN_CONSTANT_CONVERSION = YES;
				CLANG_WARN_DEPRECATED_OBJC_IMPLEMENTATIONS = YES;
				CLANG_WARN_DIRECT_OBJC_ISA_USAGE = YES_ERROR;
				CLANG_WARN_DOCUMENTATION_COMMENTS = YES;
				CLANG_WARN_EMPTY_BODY = YES;
				CLANG_WARN_ENUM_CONVERSION = YES;
				CLANG_WARN_INFINITE_RECURSION = YES;
				CLANG_WARN_INT_CONVERSION = YES;
				CLANG_WARN_NON_LITERAL_NULL_CONVERSION = YES;
				CLANG_WARN_OBJC_IMPLICIT_RETAIN_SELF = YES;
				CLANG_WARN_OBJC_LITERAL_CONVERSION = YES;
				CLANG_WARN_OBJC_ROOT_CLASS = YES_ERROR;
				CLANG_WARN_RANGE_LOOP_ANALYSIS = YES;
				CLANG_WARN_STRICT_PROTOTYPES = YES;
				CLANG_WARN_SUSPICIOUS_MOVE = YES;
				CLANG_WARN_UNGUARDED_AVAILABILITY = YES_AGGRESSIVE;
				CLANG_WARN_UNREACHABLE_CODE = YES;
				CLANG_WARN__DUPLICATE_METHOD_MATCH = YES;
				CODE_SIGN_IDENTITY = "iPhone Developer";
				COPY_PHASE_STRIP = NO;
				DEBUG_INFORMATION_FORMAT = "dwarf-with-dsym";
				ENABLE_NS_ASSERTIONS = NO;
				ENABLE_STRICT_OBJC_MSGSEND = YES;
				GCC_C_LANGUAGE_STANDARD = gnu11;
				GCC_NO_COMMON_BLOCKS = YES;
				GCC_WARN_64_TO_32_BIT_CONVERSION = YES;
				GCC_WARN_ABOUT_RETURN_TYPE = YES_ERROR;
				GCC_WARN_UNDECLARED_SELECTOR = YES;
				GCC_WARN_UNINITIALIZED_AUTOS = YES_AGGRESSIVE;
				GCC_WARN_UNUSED_FUNCTION = YES;
				GCC_WARN_UNUSED_VARIABLE = YES;
				IPHONEOS_DEPLOYMENT_TARGET = 11.3;
				MTL_ENABLE_DEBUG_INFO = NO;
				SDKROOT = iphoneos;
				SWIFT_COMPILATION_MODE = wholemodule;
				SWIFT_OPTIMIZATION_LEVEL = "-O";
				VALIDATE_PRODUCT = YES;
			};
			name = Release;
		};
		06C6D4DB2288BEEB007FB8AD /* Debug */ = {
			isa = XCBuildConfiguration;
			buildSettings = {
				ASSETCATALOG_COMPILER_APPICON_NAME = AppIcon;
				CODE_SIGN_STYLE = Automatic;
				DEVELOPMENT_TEAM = L7WG9RQNS8;
				INFOPLIST_FILE = CatchTheCat/Info.plist;
				IPHONEOS_DEPLOYMENT_TARGET = 11.3;
				LD_RUNPATH_SEARCH_PATHS = (
					"$(inherited)",
					"@executable_path/Frameworks",
				);
				PRODUCT_BUNDLE_IDENTIFIER = com.yildiz.CatchTheCat;
				PRODUCT_NAME = "$(TARGET_NAME)";
				SWIFT_VERSION = 4.0;
				TARGETED_DEVICE_FAMILY = "1,2";
			};
			name = Debug;
		};
		06C6D4DC2288BEEB007FB8AD /* Release */ = {
			isa = XCBuildConfiguration;
			buildSettings = {
				ASSETCATALOG_COMPILER_APPICON_NAME = AppIcon;
				CODE_SIGN_STYLE = Automatic;
				DEVELOPMENT_TEAM = L7WG9RQNS8;
				INFOPLIST_FILE = CatchTheCat/Info.plist;
				IPHONEOS_DEPLOYMENT_TARGET = 11.3;
				LD_RUNPATH_SEARCH_PATHS = (
					"$(inherited)",
					"@executable_path/Frameworks",
				);
				PRODUCT_BUNDLE_IDENTIFIER = com.yildiz.CatchTheCat;
				PRODUCT_NAME = "$(TARGET_NAME)";
				SWIFT_VERSION = 4.0;
				TARGETED_DEVICE_FAMILY = "1,2";
			};
			name = Release;
		};
/* End XCBuildConfiguration section */

/* Begin XCConfigurationList section */
		06C6D4C32288BEE7007FB8AD /* Build configuration list for PBXProject "CatchTheCat" */ = {
			isa = XCConfigurationList;
			buildConfigurations = (
				06C6D4D82288BEEB007FB8AD /* Debug */,
				06C6D4D92288BEEB007FB8AD /* Release */,
			);
			defaultConfigurationIsVisible = 0;
			defaultConfigurationName = Release;
		};
		06C6D4DA2288BEEB007FB8AD /* Build configuration list for PBXNativeTarget "CatchTheCat" */ = {
			isa = XCConfigurationList;
			buildConfigurations = (
				06C6D4DB2288BEEB007FB8AD /* Debug */,
				06C6D4DC2288BEEB007FB8AD /* Release */,
			);
			defaultConfigurationIsVisible = 0;
			defaultConfigurationName = Release;
		};
/* End XCConfigurationList section */
	};
	rootObject = 06C6D4C02288BEE7007FB8AD /* Project object */;
}
